// !$*UTF8*$!
{
	archiveVersion = 1;
	classes = {
	};
	objectVersion = 56;
	objects = {

/* Begin PBXBuildFile section */
		6E2762B02C1101AD00D81BC5 /* MapViewController.swift in Sources */ = {isa = PBXBuildFile; fileRef = 6E2762AF2C1101AD00D81BC5 /* MapViewController.swift */; };
		6E3E230F2C332BE300EB0AF6 /* Restaurant.xcdatamodeld in Sources */ = {isa = PBXBuildFile; fileRef = 6E3E230D2C332BE300EB0AF6 /* Restaurant.xcdatamodeld */; };
		6E3E9BD52BEEAE7D008BA067 /* AppDelegate.swift in Sources */ = {isa = PBXBuildFile; fileRef = 6E3E9BD42BEEAE7D008BA067 /* AppDelegate.swift */; };
		6E3E9BD72BEEAE7D008BA067 /* SceneDelegate.swift in Sources */ = {isa = PBXBuildFile; fileRef = 6E3E9BD62BEEAE7D008BA067 /* SceneDelegate.swift */; };
		6E3E9BDE2BEEAE7F008BA067 /* Assets.xcassets in Resources */ = {isa = PBXBuildFile; fileRef = 6E3E9BDD2BEEAE7F008BA067 /* Assets.xcassets */; };
		6E3E9BE12BEEAE7F008BA067 /* Base in Resources */ = {isa = PBXBuildFile; fileRef = 6E3E9BE02BEEAE7F008BA067 /* Base */; };
		6E44205D2BF2659200137DDD /* RLabel.swift in Sources */ = {isa = PBXBuildFile; fileRef = 6E44205C2BF2659200137DDD /* RLabel.swift */; };
		6E44205F2BF26DBD00137DDD /* RImageView.swift in Sources */ = {isa = PBXBuildFile; fileRef = 6E44205E2BF26DBD00137DDD /* RImageView.swift */; };
		6E6E08FF2C333F3D008678C1 /* EmptyRestaurantsView.swift in Sources */ = {isa = PBXBuildFile; fileRef = 6E6E08FE2C333F3D008678C1 /* EmptyRestaurantsView.swift */; };
		6E7301122C17A67A00D4FC1E /* RestaurantViewController.swift in Sources */ = {isa = PBXBuildFile; fileRef = 6E7301112C17A67A00D4FC1E /* RestaurantViewController.swift */; };
		6E7301142C17A6FF00D4FC1E /* RestaurantHeaderView.swift in Sources */ = {isa = PBXBuildFile; fileRef = 6E7301132C17A6FF00D4FC1E /* RestaurantHeaderView.swift */; };
		6E7301182C18F94200D4FC1E /* RestaurantContactsView.swift in Sources */ = {isa = PBXBuildFile; fileRef = 6E7301172C18F94200D4FC1E /* RestaurantContactsView.swift */; };
		6E73011A2C18FF8000D4FC1E /* RestaurantMapView.swift in Sources */ = {isa = PBXBuildFile; fileRef = 6E7301192C18FF8000D4FC1E /* RestaurantMapView.swift */; };
		6EAC50E12BEECB1000499C9F /* RestaurantCell.swift in Sources */ = {isa = PBXBuildFile; fileRef = 6EAC50E02BEECB1000499C9F /* RestaurantCell.swift */; };
		6EAC50E32BEFBEDD00499C9F /* RestaurantTableViewController.swift in Sources */ = {isa = PBXBuildFile; fileRef = 6EAC50E22BEFBEDD00499C9F /* RestaurantTableViewController.swift */; };
		6EBC33612C2C6CC200AF6C52 /* NewRestaurantViewController.swift in Sources */ = {isa = PBXBuildFile; fileRef = 6EBC33602C2C6CC200AF6C52 /* NewRestaurantViewController.swift */; };
		6EBC33672C2C793000AF6C52 /* NewRestaurantImageView.swift in Sources */ = {isa = PBXBuildFile; fileRef = 6EBC33662C2C793000AF6C52 /* NewRestaurantImageView.swift */; };
		6EBC336B2C2CCA2700AF6C52 /* RTextField.swift in Sources */ = {isa = PBXBuildFile; fileRef = 6EBC336A2C2CCA2700AF6C52 /* RTextField.swift */; };
		6EBC336D2C2CCC5700AF6C52 /* RTextView.swift in Sources */ = {isa = PBXBuildFile; fileRef = 6EBC336C2C2CCC5700AF6C52 /* RTextView.swift */; };
		6EBF42262C04F769008E6725 /* .gitignore in Resources */ = {isa = PBXBuildFile; fileRef = 6EBF42252C04F769008E6725 /* .gitignore */; };
		6EEDD2752BF550C900701F8F /* Restaurant.swift in Sources */ = {isa = PBXBuildFile; fileRef = 6EEDD2742BF550C900701F8F /* Restaurant.swift */; };
		6EEDD27B2BF7D93800701F8F /* RestaurantDiffableDataSource.swift in Sources */ = {isa = PBXBuildFile; fileRef = 6EEDD27A2BF7D93800701F8F /* RestaurantDiffableDataSource.swift */; };
		6EFB393D2C1E414F0095B60A /* RButton.swift in Sources */ = {isa = PBXBuildFile; fileRef = 6EFB393C2C1E414F0095B60A /* RButton.swift */; };
		6EFB393F2C1E559F0095B60A /* ReviewViewController.swift in Sources */ = {isa = PBXBuildFile; fileRef = 6EFB393E2C1E559F0095B60A /* ReviewViewController.swift */; };
/* End PBXBuildFile section */

/* Begin PBXFileReference section */
		6E2762AF2C1101AD00D81BC5 /* MapViewController.swift */ = {isa = PBXFileReference; lastKnownFileType = sourcecode.swift; path = MapViewController.swift; sourceTree = "<group>"; };
		6E3E230E2C332BE300EB0AF6 /* Restaurant.xcdatamodel */ = {isa = PBXFileReference; lastKnownFileType = wrapper.xcdatamodel; path = Restaurant.xcdatamodel; sourceTree = "<group>"; };
		6E3E9BD12BEEAE7D008BA067 /* Restaurants.app */ = {isa = PBXFileReference; explicitFileType = wrapper.application; includeInIndex = 0; path = Restaurants.app; sourceTree = BUILT_PRODUCTS_DIR; };
		6E3E9BD42BEEAE7D008BA067 /* AppDelegate.swift */ = {isa = PBXFileReference; lastKnownFileType = sourcecode.swift; path = AppDelegate.swift; sourceTree = "<group>"; };
		6E3E9BD62BEEAE7D008BA067 /* SceneDelegate.swift */ = {isa = PBXFileReference; lastKnownFileType = sourcecode.swift; path = SceneDelegate.swift; sourceTree = "<group>"; };
		6E3E9BDD2BEEAE7F008BA067 /* Assets.xcassets */ = {isa = PBXFileReference; lastKnownFileType = folder.assetcatalog; path = Assets.xcassets; sourceTree = "<group>"; };
		6E3E9BE02BEEAE7F008BA067 /* Base */ = {isa = PBXFileReference; lastKnownFileType = file.storyboard; name = Base; path = Base.lproj/LaunchScreen.storyboard; sourceTree = "<group>"; };
		6E3E9BE22BEEAE7F008BA067 /* Info.plist */ = {isa = PBXFileReference; lastKnownFileType = text.plist.xml; path = Info.plist; sourceTree = "<group>"; };
		6E44205C2BF2659200137DDD /* RLabel.swift */ = {isa = PBXFileReference; lastKnownFileType = sourcecode.swift; path = RLabel.swift; sourceTree = "<group>"; };
		6E44205E2BF26DBD00137DDD /* RImageView.swift */ = {isa = PBXFileReference; lastKnownFileType = sourcecode.swift; path = RImageView.swift; sourceTree = "<group>"; };
		6E6E08FE2C333F3D008678C1 /* EmptyRestaurantsView.swift */ = {isa = PBXFileReference; lastKnownFileType = sourcecode.swift; path = EmptyRestaurantsView.swift; sourceTree = "<group>"; };
		6E7301112C17A67A00D4FC1E /* RestaurantViewController.swift */ = {isa = PBXFileReference; lastKnownFileType = sourcecode.swift; path = RestaurantViewController.swift; sourceTree = "<group>"; };
		6E7301132C17A6FF00D4FC1E /* RestaurantHeaderView.swift */ = {isa = PBXFileReference; lastKnownFileType = sourcecode.swift; path = RestaurantHeaderView.swift; sourceTree = "<group>"; };
		6E7301172C18F94200D4FC1E /* RestaurantContactsView.swift */ = {isa = PBXFileReference; lastKnownFileType = sourcecode.swift; path = RestaurantContactsView.swift; sourceTree = "<group>"; };
		6E7301192C18FF8000D4FC1E /* RestaurantMapView.swift */ = {isa = PBXFileReference; lastKnownFileType = sourcecode.swift; path = RestaurantMapView.swift; sourceTree = "<group>"; };
		6EAC50E02BEECB1000499C9F /* RestaurantCell.swift */ = {isa = PBXFileReference; lastKnownFileType = sourcecode.swift; path = RestaurantCell.swift; sourceTree = "<group>"; };
		6EAC50E22BEFBEDD00499C9F /* RestaurantTableViewController.swift */ = {isa = PBXFileReference; lastKnownFileType = sourcecode.swift; path = RestaurantTableViewController.swift; sourceTree = "<group>"; };
		6EBC33602C2C6CC200AF6C52 /* NewRestaurantViewController.swift */ = {isa = PBXFileReference; lastKnownFileType = sourcecode.swift; path = NewRestaurantViewController.swift; sourceTree = "<group>"; };
		6EBC33662C2C793000AF6C52 /* NewRestaurantImageView.swift */ = {isa = PBXFileReference; lastKnownFileType = sourcecode.swift; path = NewRestaurantImageView.swift; sourceTree = "<group>"; };
		6EBC336A2C2CCA2700AF6C52 /* RTextField.swift */ = {isa = PBXFileReference; lastKnownFileType = sourcecode.swift; path = RTextField.swift; sourceTree = "<group>"; };
		6EBC336C2C2CCC5700AF6C52 /* RTextView.swift */ = {isa = PBXFileReference; lastKnownFileType = sourcecode.swift; path = RTextView.swift; sourceTree = "<group>"; };
		6EBF42252C04F769008E6725 /* .gitignore */ = {isa = PBXFileReference; lastKnownFileType = text; path = .gitignore; sourceTree = "<group>"; };
		6EEDD2742BF550C900701F8F /* Restaurant.swift */ = {isa = PBXFileReference; lastKnownFileType = sourcecode.swift; path = Restaurant.swift; sourceTree = "<group>"; };
		6EEDD27A2BF7D93800701F8F /* RestaurantDiffableDataSource.swift */ = {isa = PBXFileReference; lastKnownFileType = sourcecode.swift; path = RestaurantDiffableDataSource.swift; sourceTree = "<group>"; };
		6EFB393C2C1E414F0095B60A /* RButton.swift */ = {isa = PBXFileReference; lastKnownFileType = sourcecode.swift; path = RButton.swift; sourceTree = "<group>"; };
		6EFB393E2C1E559F0095B60A /* ReviewViewController.swift */ = {isa = PBXFileReference; lastKnownFileType = sourcecode.swift; path = ReviewViewController.swift; sourceTree = "<group>"; };
/* End PBXFileReference section */

/* Begin PBXFrameworksBuildPhase section */
		6E3E9BCE2BEEAE7D008BA067 /* Frameworks */ = {
			isa = PBXFrameworksBuildPhase;
			buildActionMask = 2147483647;
			files = (
			);
			runOnlyForDeploymentPostprocessing = 0;
		};
/* End PBXFrameworksBuildPhase section */

/* Begin PBXGroup section */
		6E3E9BC82BEEAE7D008BA067 = {
			isa = PBXGroup;
			children = (
				6E3E9BD32BEEAE7D008BA067 /* Restaurants */,
				6E3E9BD22BEEAE7D008BA067 /* Products */,
			);
			sourceTree = "<group>";
		};
		6E3E9BD22BEEAE7D008BA067 /* Products */ = {
			isa = PBXGroup;
			children = (
				6E3E9BD12BEEAE7D008BA067 /* Restaurants.app */,
			);
			name = Products;
			sourceTree = "<group>";
		};
		6E3E9BD32BEEAE7D008BA067 /* Restaurants */ = {
			isa = PBXGroup;
			children = (
				6EBF421C2C04AEDF008E6725 /* Resources */,
				6EEDD2782BF55C6D00701F8F /* Controllers */,
				6EEDD2772BF55C6500701F8F /* Model */,
				6EEDD2762BF55C5C00701F8F /* Views */,
				6E3E9BD42BEEAE7D008BA067 /* AppDelegate.swift */,
				6E3E9BD62BEEAE7D008BA067 /* SceneDelegate.swift */,
				6E3E9BE22BEEAE7F008BA067 /* Info.plist */,
				6EBF42252C04F769008E6725 /* .gitignore */,
				6E3E230D2C332BE300EB0AF6 /* Restaurant.xcdatamodeld */,
			);
			path = Restaurants;
			sourceTree = "<group>";
		};
		6E44205B2BF2655700137DDD /* UIElements */ = {
			isa = PBXGroup;
			children = (
				6E44205C2BF2659200137DDD /* RLabel.swift */,
				6E44205E2BF26DBD00137DDD /* RImageView.swift */,
				6EFB393C2C1E414F0095B60A /* RButton.swift */,
				6EBC336A2C2CCA2700AF6C52 /* RTextField.swift */,
				6EBC336C2C2CCC5700AF6C52 /* RTextView.swift */,
			);
			path = UIElements;
			sourceTree = "<group>";
		};
		6EBF421C2C04AEDF008E6725 /* Resources */ = {
			isa = PBXGroup;
			children = (
				6E3E9BDD2BEEAE7F008BA067 /* Assets.xcassets */,
			);
			path = Resources;
			sourceTree = "<group>";
		};
		6EBF42292C0630C8008E6725 /* Cells */ = {
			isa = PBXGroup;
			children = (
				6EAC50E02BEECB1000499C9F /* RestaurantCell.swift */,
			);
			path = Cells;
			sourceTree = "<group>";
		};
		6EEDD2762BF55C5C00701F8F /* Views */ = {
			isa = PBXGroup;
			children = (
				6E3E9BDF2BEEAE7F008BA067 /* LaunchScreen.storyboard */,
				6EBF42292C0630C8008E6725 /* Cells */,
				6E44205B2BF2655700137DDD /* UIElements */,
				6E7301132C17A6FF00D4FC1E /* RestaurantHeaderView.swift */,
				6E7301172C18F94200D4FC1E /* RestaurantContactsView.swift */,
				6E7301192C18FF8000D4FC1E /* RestaurantMapView.swift */,
				6EBC33662C2C793000AF6C52 /* NewRestaurantImageView.swift */,
				6E6E08FE2C333F3D008678C1 /* EmptyRestaurantsView.swift */,
			);
			path = Views;
			sourceTree = "<group>";
		};
		6EEDD2772BF55C6500701F8F /* Model */ = {
			isa = PBXGroup;
			children = (
				6EEDD2742BF550C900701F8F /* Restaurant.swift */,
				6EEDD27A2BF7D93800701F8F /* RestaurantDiffableDataSource.swift */,
			);
			path = Model;
			sourceTree = "<group>";
		};
		6EEDD2782BF55C6D00701F8F /* Controllers */ = {
			isa = PBXGroup;
			children = (
				6EAC50E22BEFBEDD00499C9F /* RestaurantTableViewController.swift */,
				6E2762AF2C1101AD00D81BC5 /* MapViewController.swift */,
				6E7301112C17A67A00D4FC1E /* RestaurantViewController.swift */,
				6EFB393E2C1E559F0095B60A /* ReviewViewController.swift */,
				6EBC33602C2C6CC200AF6C52 /* NewRestaurantViewController.swift */,
			);
			path = Controllers;
			sourceTree = "<group>";
		};
/* End PBXGroup section */

/* Begin PBXNativeTarget section */
		6E3E9BD02BEEAE7D008BA067 /* Restaurants */ = {
			isa = PBXNativeTarget;
			buildConfigurationList = 6E3E9BE52BEEAE7F008BA067 /* Build configuration list for PBXNativeTarget "Restaurants" */;
			buildPhases = (
				6E3E9BCD2BEEAE7D008BA067 /* Sources */,
				6E3E9BCE2BEEAE7D008BA067 /* Frameworks */,
				6E3E9BCF2BEEAE7D008BA067 /* Resources */,
			);
			buildRules = (
			);
			dependencies = (
			);
			name = Restaurants;
			productName = Restaurants;
			productReference = 6E3E9BD12BEEAE7D008BA067 /* Restaurants.app */;
			productType = "com.apple.product-type.application";
		};
/* End PBXNativeTarget section */

/* Begin PBXProject section */
		6E3E9BC92BEEAE7D008BA067 /* Project object */ = {
			isa = PBXProject;
			attributes = {
				BuildIndependentTargetsInParallel = 1;
				LastSwiftUpdateCheck = 1530;
				LastUpgradeCheck = 1530;
				TargetAttributes = {
					6E3E9BD02BEEAE7D008BA067 = {
						CreatedOnToolsVersion = 15.3;
					};
				};
			};
			buildConfigurationList = 6E3E9BCC2BEEAE7D008BA067 /* Build configuration list for PBXProject "Restaurants" */;
			compatibilityVersion = "Xcode 14.0";
			developmentRegion = en;
			hasScannedForEncodings = 0;
			knownRegions = (
				en,
				Base,
			);
			mainGroup = 6E3E9BC82BEEAE7D008BA067;
			productRefGroup = 6E3E9BD22BEEAE7D008BA067 /* Products */;
			projectDirPath = "";
			projectRoot = "";
			targets = (
				6E3E9BD02BEEAE7D008BA067 /* Restaurants */,
			);
		};
/* End PBXProject section */

/* Begin PBXResourcesBuildPhase section */
		6E3E9BCF2BEEAE7D008BA067 /* Resources */ = {
			isa = PBXResourcesBuildPhase;
			buildActionMask = 2147483647;
			files = (
				6EBF42262C04F769008E6725 /* .gitignore in Resources */,
				6E3E9BDE2BEEAE7F008BA067 /* Assets.xcassets in Resources */,
				6E3E9BE12BEEAE7F008BA067 /* Base in Resources */,
			);
			runOnlyForDeploymentPostprocessing = 0;
		};
/* End PBXResourcesBuildPhase section */

/* Begin PBXSourcesBuildPhase section */
		6E3E9BCD2BEEAE7D008BA067 /* Sources */ = {
			isa = PBXSourcesBuildPhase;
			buildActionMask = 2147483647;
			files = (
				6E7301122C17A67A00D4FC1E /* RestaurantViewController.swift in Sources */,
				6E6E08FF2C333F3D008678C1 /* EmptyRestaurantsView.swift in Sources */,
				6EBC336D2C2CCC5700AF6C52 /* RTextView.swift in Sources */,
				6E7301142C17A6FF00D4FC1E /* RestaurantHeaderView.swift in Sources */,
				6EBC33612C2C6CC200AF6C52 /* NewRestaurantViewController.swift in Sources */,
				6EAC50E12BEECB1000499C9F /* RestaurantCell.swift in Sources */,
				6EAC50E32BEFBEDD00499C9F /* RestaurantTableViewController.swift in Sources */,
				6E44205F2BF26DBD00137DDD /* RImageView.swift in Sources */,
				6E3E230F2C332BE300EB0AF6 /* Restaurant.xcdatamodeld in Sources */,
				6E7301182C18F94200D4FC1E /* RestaurantContactsView.swift in Sources */,
				6EFB393F2C1E559F0095B60A /* ReviewViewController.swift in Sources */,
				6E73011A2C18FF8000D4FC1E /* RestaurantMapView.swift in Sources */,
				6E3E9BD52BEEAE7D008BA067 /* AppDelegate.swift in Sources */,
				6EBC33672C2C793000AF6C52 /* NewRestaurantImageView.swift in Sources */,
				6E3E9BD72BEEAE7D008BA067 /* SceneDelegate.swift in Sources */,
				6E44205D2BF2659200137DDD /* RLabel.swift in Sources */,
				6EBC336B2C2CCA2700AF6C52 /* RTextField.swift in Sources */,
				6EEDD27B2BF7D93800701F8F /* RestaurantDiffableDataSource.swift in Sources */,
				6EFB393D2C1E414F0095B60A /* RButton.swift in Sources */,
				6EEDD2752BF550C900701F8F /* Restaurant.swift in Sources */,
				6E2762B02C1101AD00D81BC5 /* MapViewController.swift in Sources */,
			);
			runOnlyForDeploymentPostprocessing = 0;
		};
/* End PBXSourcesBuildPhase section */

/* Begin PBXVariantGroup section */
		6E3E9BDF2BEEAE7F008BA067 /* LaunchScreen.storyboard */ = {
			isa = PBXVariantGroup;
			children = (
				6E3E9BE02BEEAE7F008BA067 /* Base */,
			);
			name = LaunchScreen.storyboard;
			sourceTree = "<group>";
		};
/* End PBXVariantGroup section */

/* Begin XCBuildConfiguration section */
		6E3E9BE32BEEAE7F008BA067 /* Debug */ = {
			isa = XCBuildConfiguration;
			buildSettings = {
				ALWAYS_SEARCH_USER_PATHS = NO;
				ASSETCATALOG_COMPILER_GENERATE_SWIFT_ASSET_SYMBOL_EXTENSIONS = YES;
				CLANG_ANALYZER_NONNULL = YES;
				CLANG_ANALYZER_NUMBER_OBJECT_CONVERSION = YES_AGGRESSIVE;
				CLANG_CXX_LANGUAGE_STANDARD = "gnu++20";
				CLANG_ENABLE_MODULES = YES;
				CLANG_ENABLE_OBJC_ARC = YES;
				CLANG_ENABLE_OBJC_WEAK = YES;
				CLANG_WARN_BLOCK_CAPTURE_AUTORELEASING = YES;
				CLANG_WARN_BOOL_CONVERSION = YES;
				CLANG_WARN_COMMA = YES;
				CLANG_WARN_CONSTANT_CONVERSION = YES;
				CLANG_WARN_DEPRECATED_OBJC_IMPLEMENTATIONS = YES;
				CLANG_WARN_DIRECT_OBJC_ISA_USAGE = YES_ERROR;
				CLANG_WARN_DOCUMENTATION_COMMENTS = YES;
				CLANG_WARN_EMPTY_BODY = YES;
				CLANG_WARN_ENUM_CONVERSION = YES;
				CLANG_WARN_INFINITE_RECURSION = YES;
				CLANG_WARN_INT_CONVERSION = YES;
				CLANG_WARN_NON_LITERAL_NULL_CONVERSION = YES;
				CLANG_WARN_OBJC_IMPLICIT_RETAIN_SELF = YES;
				CLANG_WARN_OBJC_LITERAL_CONVERSION = YES;
				CLANG_WARN_OBJC_ROOT_CLASS = YES_ERROR;
				CLANG_WARN_QUOTED_INCLUDE_IN_FRAMEWORK_HEADER = YES;
				CLANG_WARN_RANGE_LOOP_ANALYSIS = YES;
				CLANG_WARN_STRICT_PROTOTYPES = YES;
				CLANG_WARN_SUSPICIOUS_MOVE = YES;
				CLANG_WARN_UNGUARDED_AVAILABILITY = YES_AGGRESSIVE;
				CLANG_WARN_UNREACHABLE_CODE = YES;
				CLANG_WARN__DUPLICATE_METHOD_MATCH = YES;
				COPY_PHASE_STRIP = NO;
				DEBUG_INFORMATION_FORMAT = dwarf;
				ENABLE_STRICT_OBJC_MSGSEND = YES;
				ENABLE_TESTABILITY = YES;
				ENABLE_USER_SCRIPT_SANDBOXING = YES;
				GCC_C_LANGUAGE_STANDARD = gnu17;
				GCC_DYNAMIC_NO_PIC = NO;
				GCC_NO_COMMON_BLOCKS = YES;
				GCC_OPTIMIZATION_LEVEL = 0;
				GCC_PREPROCESSOR_DEFINITIONS = (
					"DEBUG=1",
					"$(inherited)",
				);
				GCC_WARN_64_TO_32_BIT_CONVERSION = YES;
				GCC_WARN_ABOUT_RETURN_TYPE = YES_ERROR;
				GCC_WARN_UNDECLARED_SELECTOR = YES;
				GCC_WARN_UNINITIALIZED_AUTOS = YES_AGGRESSIVE;
				GCC_WARN_UNUSED_FUNCTION = YES;
				GCC_WARN_UNUSED_VARIABLE = YES;
				IPHONEOS_DEPLOYMENT_TARGET = 17.4;
				LOCALIZATION_PREFERS_STRING_CATALOGS = YES;
				MTL_ENABLE_DEBUG_INFO = INCLUDE_SOURCE;
				MTL_FAST_MATH = YES;
				ONLY_ACTIVE_ARCH = YES;
				SDKROOT = iphoneos;
				SWIFT_ACTIVE_COMPILATION_CONDITIONS = "DEBUG $(inherited)";
				SWIFT_OPTIMIZATION_LEVEL = "-Onone";
			};
			name = Debug;
		};
		6E3E9BE42BEEAE7F008BA067 /* Release */ = {
			isa = XCBuildConfiguration;
			buildSettings = {
				ALWAYS_SEARCH_USER_PATHS = NO;
				ASSETCATALOG_COMPILER_GENERATE_SWIFT_ASSET_SYMBOL_EXTENSIONS = YES;
				CLANG_ANALYZER_NONNULL = YES;
				CLANG_ANALYZER_NUMBER_OBJECT_CONVERSION = YES_AGGRESSIVE;
				CLANG_CXX_LANGUAGE_STANDARD = "gnu++20";
				CLANG_ENABLE_MODULES = YES;
				CLANG_ENABLE_OBJC_ARC = YES;
				CLANG_ENABLE_OBJC_WEAK = YES;
				CLANG_WARN_BLOCK_CAPTURE_AUTORELEASING = YES;
				CLANG_WARN_BOOL_CONVERSION = YES;
				CLANG_WARN_COMMA = YES;
				CLANG_WARN_CONSTANT_CONVERSION = YES;
				CLANG_WARN_DEPRECATED_OBJC_IMPLEMENTATIONS = YES;
				CLANG_WARN_DIRECT_OBJC_ISA_USAGE = YES_ERROR;
				CLANG_WARN_DOCUMENTATION_COMMENTS = YES;
				CLANG_WARN_EMPTY_BODY = YES;
				CLANG_WARN_ENUM_CONVERSION = YES;
				CLANG_WARN_INFINITE_RECURSION = YES;
				CLANG_WARN_INT_CONVERSION = YES;
				CLANG_WARN_NON_LITERAL_NULL_CONVERSION = YES;
				CLANG_WARN_OBJC_IMPLICIT_RETAIN_SELF = YES;
				CLANG_WARN_OBJC_LITERAL_CONVERSION = YES;
				CLANG_WARN_OBJC_ROOT_CLASS = YES_ERROR;
				CLANG_WARN_QUOTED_INCLUDE_IN_FRAMEWORK_HEADER = YES;
				CLANG_WARN_RANGE_LOOP_ANALYSIS = YES;
				CLANG_WARN_STRICT_PROTOTYPES = YES;
				CLANG_WARN_SUSPICIOUS_MOVE = YES;
				CLANG_WARN_UNGUARDED_AVAILABILITY = YES_AGGRESSIVE;
				CLANG_WARN_UNREACHABLE_CODE = YES;
				CLANG_WARN__DUPLICATE_METHOD_MATCH = YES;
				COPY_PHASE_STRIP = NO;
				DEBUG_INFORMATION_FORMAT = "dwarf-with-dsym";
				ENABLE_NS_ASSERTIONS = NO;
				ENABLE_STRICT_OBJC_MSGSEND = YES;
				ENABLE_USER_SCRIPT_SANDBOXING = YES;
				GCC_C_LANGUAGE_STANDARD = gnu17;
				GCC_NO_COMMON_BLOCKS = YES;
				GCC_WARN_64_TO_32_BIT_CONVERSION = YES;
				GCC_WARN_ABOUT_RETURN_TYPE = YES_ERROR;
				GCC_WARN_UNDECLARED_SELECTOR = YES;
				GCC_WARN_UNINITIALIZED_AUTOS = YES_AGGRESSIVE;
				GCC_WARN_UNUSED_FUNCTION = YES;
				GCC_WARN_UNUSED_VARIABLE = YES;
				IPHONEOS_DEPLOYMENT_TARGET = 17.4;
				LOCALIZATION_PREFERS_STRING_CATALOGS = YES;
				MTL_ENABLE_DEBUG_INFO = NO;
				MTL_FAST_MATH = YES;
				SDKROOT = iphoneos;
				SWIFT_COMPILATION_MODE = wholemodule;
				VALIDATE_PRODUCT = YES;
			};
			name = Release;
		};
		6E3E9BE62BEEAE7F008BA067 /* Debug */ = {
			isa = XCBuildConfiguration;
			buildSettings = {
				ASSETCATALOG_COMPILER_APPICON_NAME = AppIcon;
				ASSETCATALOG_COMPILER_GLOBAL_ACCENT_COLOR_NAME = AccentColor;
				CODE_SIGN_STYLE = Automatic;
				CURRENT_PROJECT_VERSION = 1;
				DEVELOPMENT_TEAM = DY2J3SUBST;
				GENERATE_INFOPLIST_FILE = YES;
				INFOPLIST_FILE = Restaurants/Info.plist;
				INFOPLIST_KEY_UIApplicationSupportsIndirectInputEvents = YES;
				INFOPLIST_KEY_UILaunchStoryboardName = LaunchScreen;
				INFOPLIST_KEY_UIMainStoryboardFile = "";
				INFOPLIST_KEY_UISupportedInterfaceOrientations = UIInterfaceOrientationPortrait;
				INFOPLIST_KEY_UISupportedInterfaceOrientations_iPad = "UIInterfaceOrientationLandscapeLeft UIInterfaceOrientationLandscapeRight UIInterfaceOrientationPortrait UIInterfaceOrientationPortraitUpsideDown";
				LD_RUNPATH_SEARCH_PATHS = (
					"$(inherited)",
					"@executable_path/Frameworks",
				);
				MARKETING_VERSION = 1.0;
				PRODUCT_BUNDLE_IDENTIFIER = home.personal.Restaurants;
				PRODUCT_NAME = "$(TARGET_NAME)";
				SUPPORTED_PLATFORMS = "iphoneos iphonesimulator";
				SUPPORTS_MACCATALYST = NO;
				SUPPORTS_MAC_DESIGNED_FOR_IPHONE_IPAD = NO;
				SUPPORTS_XR_DESIGNED_FOR_IPHONE_IPAD = NO;
				SWIFT_EMIT_LOC_STRINGS = YES;
				SWIFT_VERSION = 5.0;
				TARGETED_DEVICE_FAMILY = 1;
			};
			name = Debug;
		};
		6E3E9BE72BEEAE7F008BA067 /* Release */ = {
			isa = XCBuildConfiguration;
			buildSettings = {
				ASSETCATALOG_COMPILER_APPICON_NAME = AppIcon;
				ASSETCATALOG_COMPILER_GLOBAL_ACCENT_COLOR_NAME = AccentColor;
				CODE_SIGN_STYLE = Automatic;
				CURRENT_PROJECT_VERSION = 1;
				DEVELOPMENT_TEAM = DY2J3SUBST;
				GENERATE_INFOPLIST_FILE = YES;
				INFOPLIST_FILE = Restaurants/Info.plist;
				INFOPLIST_KEY_UIApplicationSupportsIndirectInputEvents = YES;
				INFOPLIST_KEY_UILaunchStoryboardName = LaunchScreen;
				INFOPLIST_KEY_UIMainStoryboardFile = "";
				INFOPLIST_KEY_UISupportedInterfaceOrientations = UIInterfaceOrientationPortrait;
				INFOPLIST_KEY_UISupportedInterfaceOrientations_iPad = "UIInterfaceOrientationLandscapeLeft UIInterfaceOrientationLandscapeRight UIInterfaceOrientationPortrait UIInterfaceOrientationPortraitUpsideDown";
				LD_RUNPATH_SEARCH_PATHS = (
					"$(inherited)",
					"@executable_path/Frameworks",
				);
				MARKETING_VERSION = 1.0;
				PRODUCT_BUNDLE_IDENTIFIER = home.personal.Restaurants;
				PRODUCT_NAME = "$(TARGET_NAME)";
				SUPPORTED_PLATFORMS = "iphoneos iphonesimulator";
				SUPPORTS_MACCATALYST = NO;
				SUPPORTS_MAC_DESIGNED_FOR_IPHONE_IPAD = NO;
				SUPPORTS_XR_DESIGNED_FOR_IPHONE_IPAD = NO;
				SWIFT_EMIT_LOC_STRINGS = YES;
				SWIFT_VERSION = 5.0;
				TARGETED_DEVICE_FAMILY = 1;
			};
			name = Release;
		};
/* End XCBuildConfiguration section */

/* Begin XCConfigurationList section */
		6E3E9BCC2BEEAE7D008BA067 /* Build configuration list for PBXProject "Restaurants" */ = {
			isa = XCConfigurationList;
			buildConfigurations = (
				6E3E9BE32BEEAE7F008BA067 /* Debug */,
				6E3E9BE42BEEAE7F008BA067 /* Release */,
			);
			defaultConfigurationIsVisible = 0;
			defaultConfigurationName = Release;
		};
		6E3E9BE52BEEAE7F008BA067 /* Build configuration list for PBXNativeTarget "Restaurants" */ = {
			isa = XCConfigurationList;
			buildConfigurations = (
				6E3E9BE62BEEAE7F008BA067 /* Debug */,
				6E3E9BE72BEEAE7F008BA067 /* Release */,
			);
			defaultConfigurationIsVisible = 0;
			defaultConfigurationName = Release;
		};
/* End XCConfigurationList section */

/* Begin XCVersionGroup section */
		6E3E230D2C332BE300EB0AF6 /* Restaurant.xcdatamodeld */ = {
			isa = XCVersionGroup;
			children = (
				6E3E230E2C332BE300EB0AF6 /* Restaurant.xcdatamodel */,
			);
			currentVersion = 6E3E230E2C332BE300EB0AF6 /* Restaurant.xcdatamodel */;
			name = Restaurant.xcdatamodeld;
			path = /Users/art/Desktop/UIKit/Restaurants/Restaurants/Restaurant.xcdatamodeld;
			sourceTree = "<group>";
			versionGroupType = wrapper.xcdatamodel;
		};
/* End XCVersionGroup section */
	};
	rootObject = 6E3E9BC92BEEAE7D008BA067 /* Project object */;
}
